// !$*UTF8*$!
{
	archiveVersion = 1;
	classes = {
	};
	objectVersion = 46;
	objects = {

/* Begin PBXBuildFile section */
		140A98611CA7BF510075CDF4 /* CCCycleScrollView.m in Sources */ = {isa = PBXBuildFile; fileRef = 140A98601CA7BF510075CDF4 /* CCCycleScrollView.m */; };
		14D9F8051CA40DDD00ABCB10 /* main.m in Sources */ = {isa = PBXBuildFile; fileRef = 14D9F8041CA40DDD00ABCB10 /* main.m */; };
		14D9F8081CA40DDD00ABCB10 /* AppDelegate.m in Sources */ = {isa = PBXBuildFile; fileRef = 14D9F8071CA40DDD00ABCB10 /* AppDelegate.m */; };
		14D9F80B1CA40DDD00ABCB10 /* ViewController.m in Sources */ = {isa = PBXBuildFile; fileRef = 14D9F80A1CA40DDD00ABCB10 /* ViewController.m */; };
		14D9F80E1CA40DDD00ABCB10 /* Main.storyboard in Resources */ = {isa = PBXBuildFile; fileRef = 14D9F80C1CA40DDD00ABCB10 /* Main.storyboard */; };
		14D9F8101CA40DDD00ABCB10 /* Assets.xcassets in Resources */ = {isa = PBXBuildFile; fileRef = 14D9F80F1CA40DDD00ABCB10 /* Assets.xcassets */; };
		14D9F8131CA40DDD00ABCB10 /* LaunchScreen.storyboard in Resources */ = {isa = PBXBuildFile; fileRef = 14D9F8111CA40DDD00ABCB10 /* LaunchScreen.storyboard */; };
		14D9F8221CA4178000ABCB10 /* cycle_image2.png in Resources */ = {isa = PBXBuildFile; fileRef = 14D9F81F1CA4178000ABCB10 /* cycle_image2.png */; };
		14D9F8231CA4178000ABCB10 /* cycle_image3.png in Resources */ = {isa = PBXBuildFile; fileRef = 14D9F8201CA4178000ABCB10 /* cycle_image3.png */; };
		14D9F8241CA4178000ABCB10 /* cycle_image1.png in Resources */ = {isa = PBXBuildFile; fileRef = 14D9F8211CA4178000ABCB10 /* cycle_image1.png */; };
		14D9F8281CA4180700ABCB10 /* cycle_image6.png in Resources */ = {isa = PBXBuildFile; fileRef = 14D9F8251CA4180700ABCB10 /* cycle_image6.png */; };
		14D9F8291CA4180700ABCB10 /* cycle_image5.png in Resources */ = {isa = PBXBuildFile; fileRef = 14D9F8261CA4180700ABCB10 /* cycle_image5.png */; };
		14D9F82A1CA4180700ABCB10 /* cycle_image4.png in Resources */ = {isa = PBXBuildFile; fileRef = 14D9F8271CA4180700ABCB10 /* cycle_image4.png */; };
/* End PBXBuildFile section */

/* Begin PBXFileReference section */
		140A985F1CA7BF510075CDF4 /* CCCycleScrollView.h */ = {isa = PBXFileReference; fileEncoding = 4; lastKnownFileType = sourcecode.c.h; path = CCCycleScrollView.h; sourceTree = "<group>"; };
		140A98601CA7BF510075CDF4 /* CCCycleScrollView.m */ = {isa = PBXFileReference; fileEncoding = 4; lastKnownFileType = sourcecode.c.objc; path = CCCycleScrollView.m; sourceTree = "<group>"; };
		14D9F8001CA40DDD00ABCB10 /* CustomCycleScrollView.app */ = {isa = PBXFileReference; explicitFileType = wrapper.application; includeInIndex = 0; path = CustomCycleScrollView.app; sourceTree = BUILT_PRODUCTS_DIR; };
		14D9F8041CA40DDD00ABCB10 /* main.m */ = {isa = PBXFileReference; lastKnownFileType = sourcecode.c.objc; path = main.m; sourceTree = "<group>"; };
		14D9F8061CA40DDD00ABCB10 /* AppDelegate.h */ = {isa = PBXFileReference; lastKnownFileType = sourcecode.c.h; path = AppDelegate.h; sourceTree = "<group>"; };
		14D9F8071CA40DDD00ABCB10 /* AppDelegate.m */ = {isa = PBXFileReference; lastKnownFileType = sourcecode.c.objc; path = AppDelegate.m; sourceTree = "<group>"; };
		14D9F8091CA40DDD00ABCB10 /* ViewController.h */ = {isa = PBXFileReference; lastKnownFileType = sourcecode.c.h; path = ViewController.h; sourceTree = "<group>"; };
		14D9F80A1CA40DDD00ABCB10 /* ViewController.m */ = {isa = PBXFileReference; lastKnownFileType = sourcecode.c.objc; path = ViewController.m; sourceTree = "<group>"; };
		14D9F80D1CA40DDD00ABCB10 /* Base */ = {isa = PBXFileReference; lastKnownFileType = file.storyboard; name = Base; path = Base.lproj/Main.storyboard; sourceTree = "<group>"; };
		14D9F80F1CA40DDD00ABCB10 /* Assets.xcassets */ = {isa = PBXFileReference; lastKnownFileType = folder.assetcatalog; path = Assets.xcassets; sourceTree = "<group>"; };
		14D9F8121CA40DDD00ABCB10 /* Base */ = {isa = PBXFileReference; lastKnownFileType = file.storyboard; name = Base; path = Base.lproj/LaunchScreen.storyboard; sourceTree = "<group>"; };
		14D9F8141CA40DDD00ABCB10 /* Info.plist */ = {isa = PBXFileReference; lastKnownFileType = text.plist.xml; path = Info.plist; sourceTree = "<group>"; };
		14D9F81F1CA4178000ABCB10 /* cycle_image2.png */ = {isa = PBXFileReference; lastKnownFileType = image.png; path = cycle_image2.png; sourceTree = "<group>"; };
		14D9F8201CA4178000ABCB10 /* cycle_image3.png */ = {isa = PBXFileReference; lastKnownFileType = image.png; path = cycle_image3.png; sourceTree = "<group>"; };
		14D9F8211CA4178000ABCB10 /* cycle_image1.png */ = {isa = PBXFileReference; lastKnownFileType = image.png; path = cycle_image1.png; sourceTree = "<group>"; };
		14D9F8251CA4180700ABCB10 /* cycle_image6.png */ = {isa = PBXFileReference; lastKnownFileType = image.png; path = cycle_image6.png; sourceTree = "<group>"; };
		14D9F8261CA4180700ABCB10 /* cycle_image5.png */ = {isa = PBXFileReference; lastKnownFileType = image.png; path = cycle_image5.png; sourceTree = "<group>"; };
		14D9F8271CA4180700ABCB10 /* cycle_image4.png */ = {isa = PBXFileReference; lastKnownFileType = image.png; path = cycle_image4.png; sourceTree = "<group>"; };
/* End PBXFileReference section */

/* Begin PBXFrameworksBuildPhase section */
		14D9F7FD1CA40DDD00ABCB10 /* Frameworks */ = {
			isa = PBXFrameworksBuildPhase;
			buildActionMask = 2147483647;
			files = (
			);
			runOnlyForDeploymentPostprocessing = 0;
		};
/* End PBXFrameworksBuildPhase section */

/* Begin PBXGroup section */
		140A985E1CA7BF510075CDF4 /* CCCycleScrollView */ = {
			isa = PBXGroup;
			children = (
				140A985F1CA7BF510075CDF4 /* CCCycleScrollView.h */,
				140A98601CA7BF510075CDF4 /* CCCycleScrollView.m */,
			);
			path = CCCycleScrollView;
			sourceTree = "<group>";
		};
		14D9F7F71CA40DDD00ABCB10 = {
			isa = PBXGroup;
			children = (
				14D9F8021CA40DDD00ABCB10 /* CustomCyclePageView */,
				14D9F8011CA40DDD00ABCB10 /* Products */,
			);
			sourceTree = "<group>";
		};
		14D9F8011CA40DDD00ABCB10 /* Products */ = {
			isa = PBXGroup;
			children = (
				14D9F8001CA40DDD00ABCB10 /* CustomCycleScrollView.app */,
			);
			name = Products;
			sourceTree = "<group>";
		};
		14D9F8021CA40DDD00ABCB10 /* CustomCyclePageView */ = {
			isa = PBXGroup;
			children = (
				140A985E1CA7BF510075CDF4 /* CCCycleScrollView */,
				14D9F81F1CA4178000ABCB10 /* cycle_image2.png */,
				14D9F8201CA4178000ABCB10 /* cycle_image3.png */,
				14D9F8211CA4178000ABCB10 /* cycle_image1.png */,
				14D9F8251CA4180700ABCB10 /* cycle_image6.png */,
				14D9F8261CA4180700ABCB10 /* cycle_image5.png */,
				14D9F8271CA4180700ABCB10 /* cycle_image4.png */,
				14D9F8061CA40DDD00ABCB10 /* AppDelegate.h */,
				14D9F8071CA40DDD00ABCB10 /* AppDelegate.m */,
				14D9F8091CA40DDD00ABCB10 /* ViewController.h */,
				14D9F80A1CA40DDD00ABCB10 /* ViewController.m */,
				14D9F80C1CA40DDD00ABCB10 /* Main.storyboard */,
				14D9F80F1CA40DDD00ABCB10 /* Assets.xcassets */,
				14D9F8111CA40DDD00ABCB10 /* LaunchScreen.storyboard */,
				14D9F8141CA40DDD00ABCB10 /* Info.plist */,
				14D9F8031CA40DDD00ABCB10 /* Supporting Files */,
			);
			name = CustomCyclePageView;
			path = CustomCycleScrollView;
			sourceTree = "<group>";
		};
		14D9F8031CA40DDD00ABCB10 /* Supporting Files */ = {
			isa = PBXGroup;
			children = (
				14D9F8041CA40DDD00ABCB10 /* main.m */,
			);
			name = "Supporting Files";
			sourceTree = "<group>";
		};
/* End PBXGroup section */

/* Begin PBXNativeTarget section */
		14D9F7FF1CA40DDD00ABCB10 /* CustomCycleScrollView */ = {
			isa = PBXNativeTarget;
			buildConfigurationList = 14D9F8171CA40DDD00ABCB10 /* Build configuration list for PBXNativeTarget "CustomCycleScrollView" */;
			buildPhases = (
				14D9F7FC1CA40DDD00ABCB10 /* Sources */,
				14D9F7FD1CA40DDD00ABCB10 /* Frameworks */,
				14D9F7FE1CA40DDD00ABCB10 /* Resources */,
			);
			buildRules = (
			);
			dependencies = (
			);
			name = CustomCycleScrollView;
			productName = CustomCycleScrollView;
			productReference = 14D9F8001CA40DDD00ABCB10 /* CustomCycleScrollView.app */;
			productType = "com.apple.product-type.application";
		};
/* End PBXNativeTarget section */

/* Begin PBXProject section */
		14D9F7F81CA40DDD00ABCB10 /* Project object */ = {
			isa = PBXProject;
			attributes = {
				LastUpgradeCheck = 0720;
				ORGANIZATIONNAME = cheng;
				TargetAttributes = {
					14D9F7FF1CA40DDD00ABCB10 = {
						CreatedOnToolsVersion = 7.2;
					};
				};
			};
			buildConfigurationList = 14D9F7FB1CA40DDD00ABCB10 /* Build configuration list for PBXProject "CustomCycleScrollView" */;
			compatibilityVersion = "Xcode 3.2";
			developmentRegion = English;
			hasScannedForEncodings = 0;
			knownRegions = (
				en,
				Base,
			);
			mainGroup = 14D9F7F71CA40DDD00ABCB10;
			productRefGroup = 14D9F8011CA40DDD00ABCB10 /* Products */;
			projectDirPath = "";
			projectRoot = "";
			targets = (
				14D9F7FF1CA40DDD00ABCB10 /* CustomCycleScrollView */,
			);
		};
/* End PBXProject section */

/* Begin PBXResourcesBuildPhase section */
		14D9F7FE1CA40DDD00ABCB10 /* Resources */ = {
			isa = PBXResourcesBuildPhase;
			buildActionMask = 2147483647;
			files = (
				14D9F8241CA4178000ABCB10 /* cycle_image1.png in Resources */,
				14D9F8131CA40DDD00ABCB10 /* LaunchScreen.storyboard in Resources */,
				14D9F8291CA4180700ABCB10 /* cycle_image5.png in Resources */,
				14D9F8101CA40DDD00ABCB10 /* Assets.xcassets in Resources */,
				14D9F8231CA4178000ABCB10 /* cycle_image3.png in Resources */,
				14D9F8281CA4180700ABCB10 /* cycle_image6.png in Resources */,
				14D9F82A1CA4180700ABCB10 /* cycle_image4.png in Resources */,
				14D9F80E1CA40DDD00ABCB10 /* Main.storyboard in Resources */,
				14D9F8221CA4178000ABCB10 /* cycle_image2.png in Resources */,
			);
			runOnlyForDeploymentPostprocessing = 0;
		};
/* End PBXResourcesBuildPhase section */

/* Begin PBXSourcesBuildPhase section */
		14D9F7FC1CA40DDD00ABCB10 /* Sources */ = {
			isa = PBXSourcesBuildPhase;
			buildActionMask = 2147483647;
			files = (
				14D9F80B1CA40DDD00ABCB10 /* ViewController.m in Sources */,
				14D9F8081CA40DDD00ABCB10 /* AppDelegate.m in Sources */,
				140A98611CA7BF510075CDF4 /* CCCycleScrollView.m in Sources */,
				14D9F8051CA40DDD00ABCB10 /* main.m in Sources */,
			);
			runOnlyForDeploymentPostprocessing = 0;
		};
/* End PBXSourcesBuildPhase section */

/* Begin PBXVariantGroup section */
		14D9F80C1CA40DDD00ABCB10 /* Main.storyboard */ = {
			isa = PBXVariantGroup;
			children = (
				14D9F80D1CA40DDD00ABCB10 /* Base */,
			);
			name = Main.storyboard;
			sourceTree = "<group>";
		};
		14D9F8111CA40DDD00ABCB10 /* LaunchScreen.storyboard */ = {
			isa = PBXVariantGroup;
			children = (
				14D9F8121CA40DDD00ABCB10 /* Base */,
			);
			name = LaunchScreen.storyboard;
			sourceTree = "<group>";
		};
/* End PBXVariantGroup section */

/* Begin XCBuildConfiguration section */
		14D9F8151CA40DDD00ABCB10 /* Debug */ = {
			isa = XCBuildConfiguration;
			buildSettings = {
				ALWAYS_SEARCH_USER_PATHS = NO;
				CLANG_CXX_LANGUAGE_STANDARD = "gnu++0x";
				CLANG_CXX_LIBRARY = "libc++";
				CLANG_ENABLE_MODULES = YES;
				CLANG_ENABLE_OBJC_ARC = YES;
				CLANG_WARN_BOOL_CONVERSION = YES;
				CLANG_WARN_CONSTANT_CONVERSION = YES;
				CLANG_WARN_DIRECT_OBJC_ISA_USAGE = YES_ERROR;
				CLANG_WARN_EMPTY_BODY = YES;
				CLANG_WARN_ENUM_CONVERSION = YES;
				CLANG_WARN_INT_CONVERSION = YES;
				CLANG_WARN_OBJC_ROOT_CLASS = YES_ERROR;
				CLANG_WARN_UNREACHABLE_CODE = YES;
				CLANG_WARN__DUPLICATE_METHOD_MATCH = YES;
				CODE_SIGN_IDENTITY = "";
				"CODE_SIGN_IDENTITY[sdk=iphoneos*]" = "iPhone Developer";
				COPY_PHASE_STRIP = NO;
				DEBUG_INFORMATION_FORMAT = dwarf;
				ENABLE_STRICT_OBJC_MSGSEND = YES;
				ENABLE_TESTABILITY = YES;
				GCC_C_LANGUAGE_STANDARD = gnu99;
				GCC_DYNAMIC_NO_PIC = NO;
				GCC_NO_COMMON_BLOCKS = YES;
				GCC_OPTIMIZATION_LEVEL = 0;
				GCC_PREPROCESSOR_DEFINITIONS = (
					"DEBUG=1",
					"$(inherited)",
				);
				GCC_WARN_64_TO_32_BIT_CONVERSION = YES;
				GCC_WARN_ABOUT_RETURN_TYPE = YES_ERROR;
				GCC_WARN_UNDECLARED_SELECTOR = YES;
				GCC_WARN_UNINITIALIZED_AUTOS = YES_AGGRESSIVE;
				GCC_WARN_UNUSED_FUNCTION = YES;
				GCC_WARN_UNUSED_VARIABLE = YES;
				IPHONEOS_DEPLOYMENT_TARGET = 9.2;
				MTL_ENABLE_DEBUG_INFO = YES;
				ONLY_ACTIVE_ARCH = YES;
				SDKROOT = iphoneos;
			};
			name = Debug;
		};
		14D9F8161CA40DDD00ABCB10 /* Release */ = {
			isa = XCBuildConfiguration;
			buildSettings = {
				ALWAYS_SEARCH_USER_PATHS = NO;
				CLANG_CXX_LANGUAGE_STANDARD = "gnu++0x";
				CLANG_CXX_LIBRARY = "libc++";
				CLANG_ENABLE_MODULES = YES;
				CLANG_ENABLE_OBJC_ARC = YES;
				CLANG_WARN_BOOL_CONVERSION = YES;
				CLANG_WARN_CONSTANT_CONVERSION = YES;
				CLANG_WARN_DIRECT_OBJC_ISA_USAGE = YES_ERROR;
				CLANG_WARN_EMPTY_BODY = YES;
				CLANG_WARN_ENUM_CONVERSION = YES;
				CLANG_WARN_INT_CONVERSION = YES;
				CLANG_WARN_OBJC_ROOT_CLASS = YES_ERROR;
				CLANG_WARN_UNREACHABLE_CODE = YES;
				CLANG_WARN__DUPLICATE_METHOD_MATCH = YES;
				CODE_SIGN_IDENTITY = "";
				"CODE_SIGN_IDENTITY[sdk=iphoneos*]" = "iPhone Developer";
				COPY_PHASE_STRIP = NO;
				DEBUG_INFORMATION_FORMAT = "dwarf-with-dsym";
				ENABLE_NS_ASSERTIONS = NO;
				ENABLE_STRICT_OBJC_MSGSEND = YES;
				GCC_C_LANGUAGE_STANDARD = gnu99;
				GCC_NO_COMMON_BLOCKS = YES;
				GCC_WARN_64_TO_32_BIT_CONVERSION = YES;
				GCC_WARN_ABOUT_RETURN_TYPE = YES_ERROR;
				GCC_WARN_UNDECLARED_SELECTOR = YES;
				GCC_WARN_UNINITIALIZED_AUTOS = YES_AGGRESSIVE;
				GCC_WARN_UNUSED_FUNCTION = YES;
				GCC_WARN_UNUSED_VARIABLE = YES;
				IPHONEOS_DEPLOYMENT_TARGET = 9.2;
				MTL_ENABLE_DEBUG_INFO = NO;
				SDKROOT = iphoneos;
				VALIDATE_PRODUCT = YES;
			};
			name = Release;
		};
		14D9F8181CA40DDD00ABCB10 /* Debug */ = {
			isa = XCBuildConfiguration;
			buildSettings = {
				ASSETCATALOG_COMPILER_APPICON_NAME = AppIcon;
				CODE_SIGN_IDENTITY = "iPhone Developer";
				INFOPLIST_FILE = CustomCycleScrollView/Info.plist;
				LD_RUNPATH_SEARCH_PATHS = "$(inherited) @executable_path/Frameworks";
				PRODUCT_BUNDLE_IDENTIFIER = cqf.com.cn.CustomCycleScrollView;
				PRODUCT_NAME = "$(TARGET_NAME)";
			};
			name = Debug;
		};
		14D9F8191CA40DDD00ABCB10 /* Release */ = {
			isa = XCBuildConfiguration;
			buildSettings = {
				ASSETCATALOG_COMPILER_APPICON_NAME = AppIcon;
				CODE_SIGN_IDENTITY = "iPhone Developer";
				INFOPLIST_FILE = CustomCycleScrollView/Info.plist;
				LD_RUNPATH_SEARCH_PATHS = "$(inherited) @executable_path/Frameworks";
				PRODUCT_BUNDLE_IDENTIFIER = cqf.com.cn.CustomCycleScrollView;
				PRODUCT_NAME = "$(TARGET_NAME)";
			};
			name = Release;
		};
/* End XCBuildConfiguration section */

/* Begin XCConfigurationList section */
		14D9F7FB1CA40DDD00ABCB10 /* Build configuration list for PBXProject "CustomCycleScrollView" */ = {
			isa = XCConfigurationList;
			buildConfigurations = (
				14D9F8151CA40DDD00ABCB10 /* Debug */,
				14D9F8161CA40DDD00ABCB10 /* Release */,
			);
			defaultConfigurationIsVisible = 0;
			defaultConfigurationName = Release;
		};
		14D9F8171CA40DDD00ABCB10 /* Build configuration list for PBXNativeTarget "CustomCycleScrollView" */ = {
			isa = XCConfigurationList;
			buildConfigurations = (
				14D9F8181CA40DDD00ABCB10 /* Debug */,
				14D9F8191CA40DDD00ABCB10 /* Release */,
			);
			defaultConfigurationIsVisible = 0;
			defaultConfigurationName = Release;
		};
/* End XCConfigurationList section */
	};
	rootObject = 14D9F7F81CA40DDD00ABCB10 /* Project object */;
}
